{
  "nodes": {
    "nixpkgs": {
      "locked": {
        "lastModified": 1783570729,
        "narHash": "sha256-IVm0fdamiKN2wOBtQmEc5uNTTanH17ukh5Pvofs6pSM=",
        "owner": "NixOS",
        "repo": "nixpkgs",
        "rev": "fb6aba25fbd11a6dc2372c634049e3534db6e7d5",
        "type": "github"
      },
      "original": {
        "owner": "NixOS",
        "ref": "release-26.05",
        "repo": "nixpkgs",
        "type": "github"
      }
    },
    "nvim-config": {
      "flake": false,
      "locked": {
        "path": "../../..",
        "type": "path"
      },
      "original": {
        "path": "../../..",
        "type": "path"
      },
      "parent": []
    },
    "root": {
      "inputs": {
        "nixpkgs": "nixpkgs",
        "nvim-config": "nvim-config"
      }
    }
  },
  "root": "root",
  "version": 7
}
